
Microsoft Visual Studio Solution File, Format Version 12.00
# Visual Studio Version 17
VisualStudioVersion = 17.14.36202.13
MinimumVisualStudioVersion = 15.0.26124.0
Project("{FAE04EC0-301F-11D3-BF4B-00C04F79EFBC}") = "BattleshipGame", "src\BattleshipGame\BattleshipGame.csproj", "{EE6A1339-BE0A-4C92-8993-6877BD7F6104}"
EndProject
Project("{FAE04EC0-301F-11D3-BF4B-00C04F79EFBC}") = "BattleshipGame.WebAPI", "src\BattleshipGame.WebAPI\BattleshipGame.WebAPI.csproj", "{0A223D35-0456-7A42-59AA-6C4238671957}"
EndProject
Project("{FAE04EC0-301F-11D3-BF4B-00C04F79EFBC}") = "BattleshipGame.UnitTests", "tests\BattleshipGame.UnitTests\BattleshipGame.UnitTests.csproj", "{D5DCF4CE-88F0-4927-8CAF-9DBC8E2EB251}"
EndProject
Project("{FAE04EC0-301F-11D3-BF4B-00C04F79EFBC}") = "BattleshipGame.IntegrationTests", "tests\BattleshipGame.IntegrationTests\BattleshipGame.IntegrationTests.csproj", "{D2FA495E-8A8E-4C3E-A8AB-D24B820972AC}"
EndProject
Global
	GlobalSection(SolutionConfigurationPlatforms) = preSolution
		Debug|Any CPU = Debug|Any CPU
		Debug|x64 = Debug|x64
		Debug|x86 = Debug|x86
		Release|Any CPU = Release|Any CPU
		Release|x64 = Release|x64
		Release|x86 = Release|x86
	EndGlobalSection
	GlobalSection(ProjectConfigurationPlatforms) = postSolution
		{EE6A1339-BE0A-4C92-8993-6877BD7F6104}.Debug|Any CPU.ActiveCfg = Debug|Any CPU
		{EE6A1339-BE0A-4C92-8993-6877BD7F6104}.Debug|Any CPU.Build.0 = Debug|Any CPU
		{EE6A1339-BE0A-4C92-8993-6877BD7F6104}.Debug|x64.ActiveCfg = Debug|Any CPU
		{EE6A1339-BE0A-4C92-8993-6877BD7F6104}.Debug|x64.Build.0 = Debug|Any CPU
		{EE6A1339-BE0A-4C92-8993-6877BD7F6104}.Debug|x86.ActiveCfg = Debug|Any CPU
		{EE6A1339-BE0A-4C92-8993-6877BD7F6104}.Debug|x86.Build.0 = Debug|Any CPU
		{EE6A1339-BE0A-4C92-8993-6877BD7F6104}.Release|Any CPU.ActiveCfg = Release|Any CPU
		{EE6A1339-BE0A-4C92-8993-6877BD7F6104}.Release|Any CPU.Build.0 = Release|Any CPU
		{EE6A1339-BE0A-4C92-8993-6877BD7F6104}.Release|x64.ActiveCfg = Release|Any CPU
		{EE6A1339-BE0A-4C92-8993-6877BD7F6104}.Release|x64.Build.0 = Release|Any CPU
		{EE6A1339-BE0A-4C92-8993-6877BD7F6104}.Release|x86.ActiveCfg = Release|Any CPU
		{EE6A1339-BE0A-4C92-8993-6877BD7F6104}.Release|x86.Build.0 = Release|Any CPU
		{D5DCF4CE-88F0-4927-8CAF-9DBC8E2EB251}.Debug|Any CPU.ActiveCfg = Debug|Any CPU
		{D5DCF4CE-88F0-4927-8CAF-9DBC8E2EB251}.Debug|Any CPU.Build.0 = Debug|Any CPU
		{D5DCF4CE-88F0-4927-8CAF-9DBC8E2EB251}.Debug|x64.ActiveCfg = Debug|Any CPU
		{D5DCF4CE-88F0-4927-8CAF-9DBC8E2EB251}.Debug|x64.Build.0 = Debug|Any CPU
		{D5DCF4CE-88F0-4927-8CAF-9DBC8E2EB251}.Debug|x86.ActiveCfg = Debug|Any CPU
		{D5DCF4CE-88F0-4927-8CAF-9DBC8E2EB251}.Debug|x86.Build.0 = Debug|Any CPU
		{D5DCF4CE-88F0-4927-8CAF-9DBC8E2EB251}.Release|Any CPU.ActiveCfg = Release|Any CPU
		{D5DCF4CE-88F0-4927-8CAF-9DBC8E2EB251}.Release|Any CPU.Build.0 = Release|Any CPU
		{D5DCF4CE-88F0-4927-8CAF-9DBC8E2EB251}.Release|x64.ActiveCfg = Release|Any CPU
		{D5DCF4CE-88F0-4927-8CAF-9DBC8E2EB251}.Release|x64.Build.0 = Release|Any CPU
		{D5DCF4CE-88F0-4927-8CAF-9DBC8E2EB251}.Release|x86.ActiveCfg = Release|Any CPU
		{D5DCF4CE-88F0-4927-8CAF-9DBC8E2EB251}.Release|x86.Build.0 = Release|Any CPU
		{0A223D35-0456-7A42-59AA-6C4238671957}.Debug|Any CPU.ActiveCfg = Debug|Any CPU
		{0A223D35-0456-7A42-59AA-6C4238671957}.Debug|Any CPU.Build.0 = Debug|Any CPU
		{0A223D35-0456-7A42-59AA-6C4238671957}.Debug|x64.ActiveCfg = Debug|Any CPU
		{0A223D35-0456-7A42-59AA-6C4238671957}.Debug|x64.Build.0 = Debug|Any CPU
		{0A223D35-0456-7A42-59AA-6C4238671957}.Debug|x86.ActiveCfg = Debug|Any CPU
		{0A223D35-0456-7A42-59AA-6C4238671957}.Debug|x86.Build.0 = Debug|Any CPU
		{0A223D35-0456-7A42-59AA-6C4238671957}.Release|Any CPU.ActiveCfg = Release|Any CPU
		{0A223D35-0456-7A42-59AA-6C4238671957}.Release|Any CPU.Build.0 = Release|Any CPU
		{0A223D35-0456-7A42-59AA-6C4238671957}.Release|x64.ActiveCfg = Release|Any CPU
		{0A223D35-0456-7A42-59AA-6C4238671957}.Release|x64.Build.0 = Release|Any CPU
		{0A223D35-0456-7A42-59AA-6C4238671957}.Release|x86.ActiveCfg = Release|Any CPU
		{0A223D35-0456-7A42-59AA-6C4238671957}.Release|x86.Build.0 = Release|Any CPU
		{D2FA495E-8A8E-4C3E-A8AB-D24B820972AC}.Debug|Any CPU.ActiveCfg = Debug|Any CPU
		{D2FA495E-8A8E-4C3E-A8AB-D24B820972AC}.Debug|Any CPU.Build.0 = Debug|Any CPU
		{D2FA495E-8A8E-4C3E-A8AB-D24B820972AC}.Debug|x64.ActiveCfg = Debug|Any CPU
		{D2FA495E-8A8E-4C3E-A8AB-D24B820972AC}.Debug|x64.Build.0 = Debug|Any CPU
		{D2FA495E-8A8E-4C3E-A8AB-D24B820972AC}.Debug|x86.ActiveCfg = Debug|Any CPU
		{D2FA495E-8A8E-4C3E-A8AB-D24B820972AC}.Debug|x86.Build.0 = Debug|Any CPU
		{D2FA495E-8A8E-4C3E-A8AB-D24B820972AC}.Release|Any CPU.ActiveCfg = Release|Any CPU
		{D2FA495E-8A8E-4C3E-A8AB-D24B820972AC}.Release|Any CPU.Build.0 = Release|Any CPU
		{D2FA495E-8A8E-4C3E-A8AB-D24B820972AC}.Release|x64.ActiveCfg = Release|Any CPU
		{D2FA495E-8A8E-4C3E-A8AB-D24B820972AC}.Release|x64.Build.0 = Release|Any CPU
		{D2FA495E-8A8E-4C3E-A8AB-D24B820972AC}.Release|x86.ActiveCfg = Release|Any CPU
		{D2FA495E-8A8E-4C3E-A8AB-D24B820972AC}.Release|x86.Build.0 = Release|Any CPU
	EndGlobalSection
	GlobalSection(SolutionProperties) = preSolution
		HideSolutionNode = FALSE
	EndGlobalSection
	GlobalSection(ExtensibilityGlobals) = postSolution
		SolutionGuid = {30DE35C4-ECCC-4266-AFD6-691D623E2909}
	EndGlobalSection
EndGlobal
